
Microsoft Visual Studio Solution File, Format Version 12.00
# Visual Studio Version 17
VisualStudioVersion = 17.6.33815.320
MinimumVisualStudioVersion = 10.0.40219.1
Project("{9A19103F-16F7-4668-BE54-9A1E7A4F7556}") = "Dsa.ConsoleApp", "Dsa.ConsoleApp\Dsa.ConsoleApp.csproj", "{59962B89-8B4F-49D6-A640-1616CA37405F}"
EndProject
Project("{9A19103F-16F7-4668-BE54-9A1E7A4F7556}") = "Dsa.DataStructures", "Dsa.DataStructures\Dsa.DataStructures.csproj", "{B467D31C-26A8-4B0F-A407-8D8B01B648A4}"
EndProject
Project("{9A19103F-16F7-4668-BE54-9A1E7A4F7556}") = "Dsa.DataStructures.UnitTests", "Dsa.DataStructures.UnitTests\Dsa.DataStructures.UnitTests.csproj", "{7360F935-C577-49E4-9927-5740E69C6978}"
EndProject
Project("{9A19103F-16F7-4668-BE54-9A1E7A4F7556}") = "Dsa.Algorithms", "Dsa.Algorithms\Dsa.Algorithms.csproj", "{56CA543D-5135-43EB-BF37-48A8CF28DA14}"
EndProject
Project("{9A19103F-16F7-4668-BE54-9A1E7A4F7556}") = "Dsa.Algorithms.UnitTests", "Dsa.Algorithms.UnitTests\Dsa.Algorithms.UnitTests.csproj", "{A6B710BD-D463-4522-96CE-9E6D1AF92FEE}"
EndProject
Project("{9A19103F-16F7-4668-BE54-9A1E7A4F7556}") = "Dsa.Recursion", "Dsa.Recursion\Dsa.Recursion.csproj", "{CA0A545C-93DB-43D9-B7C0-844BBD6C8548}"
EndProject
Project("{2150E333-8FDC-42A3-9474-1A3956D46DE8}") = "Tests", "Tests", "{88143D8E-1DEB-4B19-8D07-54A30C7EF443}"
EndProject
Project("{9A19103F-16F7-4668-BE54-9A1E7A4F7556}") = "Dsa.TestCore", "Dsa.TestCore\Dsa.TestCore.csproj", "{D46245B3-4C53-4536-A43B-A4E14028755A}"
EndProject
Project("{9A19103F-16F7-4668-BE54-9A1E7A4F7556}") = "Dsa.Recursion.UnitTests", "Dsa.Recursion.UnitTests\Dsa.Recursion.UnitTests.csproj", "{9DD7CC15-B20B-4A75-B80A-CEEF4250FC02}"
EndProject
Project("{2150E333-8FDC-42A3-9474-1A3956D46DE8}") = "Solution Items", "Solution Items", "{FE15CBAC-CA0C-49D6-9F59-B00F80CD6883}"
	ProjectSection(SolutionItems) = preProject
		.editorconfig = .editorconfig
		CodeCoverage.runsettings = CodeCoverage.runsettings
		Directory.Build.props = Directory.Build.props
	EndProjectSection
EndProject
Global
	GlobalSection(SolutionConfigurationPlatforms) = preSolution
		Debug|Any CPU = Debug|Any CPU
		Release|Any CPU = Release|Any CPU
	EndGlobalSection
	GlobalSection(ProjectConfigurationPlatforms) = postSolution
		{59962B89-8B4F-49D6-A640-1616CA37405F}.Debug|Any CPU.ActiveCfg = Debug|Any CPU
		{59962B89-8B4F-49D6-A640-1616CA37405F}.Debug|Any CPU.Build.0 = Debug|Any CPU
		{59962B89-8B4F-49D6-A640-1616CA37405F}.Release|Any CPU.ActiveCfg = Release|Any CPU
		{59962B89-8B4F-49D6-A640-1616CA37405F}.Release|Any CPU.Build.0 = Release|Any CPU
		{B467D31C-26A8-4B0F-A407-8D8B01B648A4}.Debug|Any CPU.ActiveCfg = Debug|Any CPU
		{B467D31C-26A8-4B0F-A407-8D8B01B648A4}.Debug|Any CPU.Build.0 = Debug|Any CPU
		{B467D31C-26A8-4B0F-A407-8D8B01B648A4}.Release|Any CPU.ActiveCfg = Release|Any CPU
		{B467D31C-26A8-4B0F-A407-8D8B01B648A4}.Release|Any CPU.Build.0 = Release|Any CPU
		{7360F935-C577-49E4-9927-5740E69C6978}.Debug|Any CPU.ActiveCfg = Debug|Any CPU
		{7360F935-C577-49E4-9927-5740E69C6978}.Debug|Any CPU.Build.0 = Debug|Any CPU
		{7360F935-C577-49E4-9927-5740E69C6978}.Release|Any CPU.ActiveCfg = Release|Any CPU
		{7360F935-C577-49E4-9927-5740E69C6978}.Release|Any CPU.Build.0 = Release|Any CPU
		{56CA543D-5135-43EB-BF37-48A8CF28DA14}.Debug|Any CPU.ActiveCfg = Debug|Any CPU
		{56CA543D-5135-43EB-BF37-48A8CF28DA14}.Debug|Any CPU.Build.0 = Debug|Any CPU
		{56CA543D-5135-43EB-BF37-48A8CF28DA14}.Release|Any CPU.ActiveCfg = Release|Any CPU
		{56CA543D-5135-43EB-BF37-48A8CF28DA14}.Release|Any CPU.Build.0 = Release|Any CPU
		{A6B710BD-D463-4522-96CE-9E6D1AF92FEE}.Debug|Any CPU.ActiveCfg = Debug|Any CPU
		{A6B710BD-D463-4522-96CE-9E6D1AF92FEE}.Debug|Any CPU.Build.0 = Debug|Any CPU
		{A6B710BD-D463-4522-96CE-9E6D1AF92FEE}.Release|Any CPU.ActiveCfg = Release|Any CPU
		{A6B710BD-D463-4522-96CE-9E6D1AF92FEE}.Release|Any CPU.Build.0 = Release|Any CPU
		{CA0A545C-93DB-43D9-B7C0-844BBD6C8548}.Debug|Any CPU.ActiveCfg = Debug|Any CPU
		{CA0A545C-93DB-43D9-B7C0-844BBD6C8548}.Debug|Any CPU.Build.0 = Debug|Any CPU
		{CA0A545C-93DB-43D9-B7C0-844BBD6C8548}.Release|Any CPU.ActiveCfg = Release|Any CPU
		{CA0A545C-93DB-43D9-B7C0-844BBD6C8548}.Release|Any CPU.Build.0 = Release|Any CPU
		{D46245B3-4C53-4536-A43B-A4E14028755A}.Debug|Any CPU.ActiveCfg = Debug|Any CPU
		{D46245B3-4C53-4536-A43B-A4E14028755A}.Debug|Any CPU.Build.0 = Debug|Any CPU
		{D46245B3-4C53-4536-A43B-A4E14028755A}.Release|Any CPU.ActiveCfg = Release|Any CPU
		{D46245B3-4C53-4536-A43B-A4E14028755A}.Release|Any CPU.Build.0 = Release|Any CPU
		{9DD7CC15-B20B-4A75-B80A-CEEF4250FC02}.Debug|Any CPU.ActiveCfg = Debug|Any CPU
		{9DD7CC15-B20B-4A75-B80A-CEEF4250FC02}.Debug|Any CPU.Build.0 = Debug|Any CPU
		{9DD7CC15-B20B-4A75-B80A-CEEF4250FC02}.Release|Any CPU.ActiveCfg = Release|Any CPU
		{9DD7CC15-B20B-4A75-B80A-CEEF4250FC02}.Release|Any CPU.Build.0 = Release|Any CPU
	EndGlobalSection
	GlobalSection(SolutionProperties) = preSolution
		HideSolutionNode = FALSE
	EndGlobalSection
	GlobalSection(NestedProjects) = preSolution
		{7360F935-C577-49E4-9927-5740E69C6978} = {88143D8E-1DEB-4B19-8D07-54A30C7EF443}
		{A6B710BD-D463-4522-96CE-9E6D1AF92FEE} = {88143D8E-1DEB-4B19-8D07-54A30C7EF443}
		{D46245B3-4C53-4536-A43B-A4E14028755A} = {88143D8E-1DEB-4B19-8D07-54A30C7EF443}
		{9DD7CC15-B20B-4A75-B80A-CEEF4250FC02} = {88143D8E-1DEB-4B19-8D07-54A30C7EF443}
	EndGlobalSection
	GlobalSection(ExtensibilityGlobals) = postSolution
		SolutionGuid = {660F84B6-62D9-4D2A-90A6-642205295886}
	EndGlobalSection
EndGlobal
